// !$*UTF8*$!
{
	archiveVersion = 1;
	classes = {
	};
	objectVersion = 46;
	objects = {

/* Begin PBXBuildFile section */
		DE72B66D1A28CD730053AD72 /* AppDelegate.swift in Sources */ = {isa = PBXBuildFile; fileRef = DE72B66C1A28CD730053AD72 /* AppDelegate.swift */; };
		DE72B66F1A28CD730053AD72 /* MasterViewController.swift in Sources */ = {isa = PBXBuildFile; fileRef = DE72B66E1A28CD730053AD72 /* MasterViewController.swift */; };
		DE72B6711A28CD730053AD72 /* DetailViewController.swift in Sources */ = {isa = PBXBuildFile; fileRef = DE72B6701A28CD730053AD72 /* DetailViewController.swift */; };
		DE72B6741A28CD730053AD72 /* Main.storyboard in Resources */ = {isa = PBXBuildFile; fileRef = DE72B6721A28CD730053AD72 /* Main.storyboard */; };
		DE72B6761A28CD730053AD72 /* Images.xcassets in Resources */ = {isa = PBXBuildFile; fileRef = DE72B6751A28CD730053AD72 /* Images.xcassets */; };
		DE72B6791A28CD730053AD72 /* LaunchScreen.xib in Resources */ = {isa = PBXBuildFile; fileRef = DE72B6771A28CD730053AD72 /* LaunchScreen.xib */; };
		DE72B6851A28CD740053AD72 /* flowersTests.swift in Sources */ = {isa = PBXBuildFile; fileRef = DE72B6841A28CD740053AD72 /* flowersTests.swift */; };
		DE72B6931A28CEAD0053AD72 /* NTTransitionProtocol.swift in Sources */ = {isa = PBXBuildFile; fileRef = DE72B6921A28CEAD0053AD72 /* NTTransitionProtocol.swift */; };
		DE72B6951A28CEB60053AD72 /* NTTransition.swift in Sources */ = {isa = PBXBuildFile; fileRef = DE72B6941A28CEB60053AD72 /* NTTransition.swift */; };
		DE72B6971A28CEDE0053AD72 /* Extension.swift in Sources */ = {isa = PBXBuildFile; fileRef = DE72B6961A28CEDE0053AD72 /* Extension.swift */; };
		DE72B6991A28CEE80053AD72 /* CHTCollectionViewWaterfallLayout.swift in Sources */ = {isa = PBXBuildFile; fileRef = DE72B6981A28CEE80053AD72 /* CHTCollectionViewWaterfallLayout.swift */; };
		DE72B69B1A28CEF80053AD72 /* Macro.swift in Sources */ = {isa = PBXBuildFile; fileRef = DE72B69A1A28CEF80053AD72 /* Macro.swift */; };
		DE72B6A01A28CF350053AD72 /* NTHorizontalPageViewCell.swift in Sources */ = {isa = PBXBuildFile; fileRef = DE72B69E1A28CF350053AD72 /* NTHorizontalPageViewCell.swift */; };
		DE72B6A11A28CF350053AD72 /* NTWaterfallViewCell.swift in Sources */ = {isa = PBXBuildFile; fileRef = DE72B69F1A28CF350053AD72 /* NTWaterfallViewCell.swift */; };
		DE72B6A61A28CF500053AD72 /* NTWaterfallViewController.swift in Sources */ = {isa = PBXBuildFile; fileRef = DE72B6A31A28CF500053AD72 /* NTWaterfallViewController.swift */; };
		DE72B6A71A28CF500053AD72 /* NTNavigationController.swift in Sources */ = {isa = PBXBuildFile; fileRef = DE72B6A41A28CF500053AD72 /* NTNavigationController.swift */; };
		DE72B6A81A28CF500053AD72 /* NTHorizontalPageViewController.swift in Sources */ = {isa = PBXBuildFile; fileRef = DE72B6A51A28CF500053AD72 /* NTHorizontalPageViewController.swift */; };
/* End PBXBuildFile section */

/* Begin PBXContainerItemProxy section */
		DE72B67F1A28CD730053AD72 /* PBXContainerItemProxy */ = {
			isa = PBXContainerItemProxy;
			containerPortal = DE72B65F1A28CD730053AD72 /* Project object */;
			proxyType = 1;
			remoteGlobalIDString = DE72B6661A28CD730053AD72;
			remoteInfo = flowers;
		};
/* End PBXContainerItemProxy section */

/* Begin PBXFileReference section */
		DE72B6671A28CD730053AD72 /* flowers.app */ = {isa = PBXFileReference; explicitFileType = wrapper.application; includeInIndex = 0; path = flowers.app; sourceTree = BUILT_PRODUCTS_DIR; };
		DE72B66B1A28CD730053AD72 /* Info.plist */ = {isa = PBXFileReference; lastKnownFileType = text.plist.xml; path = Info.plist; sourceTree = "<group>"; };
		DE72B66C1A28CD730053AD72 /* AppDelegate.swift */ = {isa = PBXFileReference; lastKnownFileType = sourcecode.swift; path = AppDelegate.swift; sourceTree = "<group>"; };
		DE72B66E1A28CD730053AD72 /* MasterViewController.swift */ = {isa = PBXFileReference; lastKnownFileType = sourcecode.swift; path = MasterViewController.swift; sourceTree = "<group>"; };
		DE72B6701A28CD730053AD72 /* DetailViewController.swift */ = {isa = PBXFileReference; lastKnownFileType = sourcecode.swift; path = DetailViewController.swift; sourceTree = "<group>"; };
		DE72B6731A28CD730053AD72 /* Base */ = {isa = PBXFileReference; lastKnownFileType = file.storyboard; name = Base; path = Base.lproj/Main.storyboard; sourceTree = "<group>"; };
		DE72B6751A28CD730053AD72 /* Images.xcassets */ = {isa = PBXFileReference; lastKnownFileType = folder.assetcatalog; path = Images.xcassets; sourceTree = "<group>"; };
		DE72B6781A28CD730053AD72 /* Base */ = {isa = PBXFileReference; lastKnownFileType = file.xib; name = Base; path = Base.lproj/LaunchScreen.xib; sourceTree = "<group>"; };
		DE72B67E1A28CD730053AD72 /* flowersTests.xctest */ = {isa = PBXFileReference; explicitFileType = wrapper.cfbundle; includeInIndex = 0; path = flowersTests.xctest; sourceTree = BUILT_PRODUCTS_DIR; };
		DE72B6831A28CD740053AD72 /* Info.plist */ = {isa = PBXFileReference; lastKnownFileType = text.plist.xml; path = Info.plist; sourceTree = "<group>"; };
		DE72B6841A28CD740053AD72 /* flowersTests.swift */ = {isa = PBXFileReference; lastKnownFileType = sourcecode.swift; path = flowersTests.swift; sourceTree = "<group>"; };
		DE72B6921A28CEAD0053AD72 /* NTTransitionProtocol.swift */ = {isa = PBXFileReference; fileEncoding = 4; lastKnownFileType = sourcecode.swift; path = NTTransitionProtocol.swift; sourceTree = "<group>"; };
		DE72B6941A28CEB60053AD72 /* NTTransition.swift */ = {isa = PBXFileReference; fileEncoding = 4; lastKnownFileType = sourcecode.swift; path = NTTransition.swift; sourceTree = "<group>"; };
		DE72B6961A28CEDE0053AD72 /* Extension.swift */ = {isa = PBXFileReference; fileEncoding = 4; lastKnownFileType = sourcecode.swift; path = Extension.swift; sourceTree = "<group>"; };
		DE72B6981A28CEE80053AD72 /* CHTCollectionViewWaterfallLayout.swift */ = {isa = PBXFileReference; fileEncoding = 4; lastKnownFileType = sourcecode.swift; path = CHTCollectionViewWaterfallLayout.swift; sourceTree = "<group>"; };
		DE72B69A1A28CEF80053AD72 /* Macro.swift */ = {isa = PBXFileReference; fileEncoding = 4; lastKnownFileType = sourcecode.swift; path = Macro.swift; sourceTree = "<group>"; };
		DE72B69E1A28CF350053AD72 /* NTHorizontalPageViewCell.swift */ = {isa = PBXFileReference; fileEncoding = 4; lastKnownFileType = sourcecode.swift; path = NTHorizontalPageViewCell.swift; sourceTree = "<group>"; };
		DE72B69F1A28CF350053AD72 /* NTWaterfallViewCell.swift */ = {isa = PBXFileReference; fileEncoding = 4; lastKnownFileType = sourcecode.swift; path = NTWaterfallViewCell.swift; sourceTree = "<group>"; };
		DE72B6A31A28CF500053AD72 /* NTWaterfallViewController.swift */ = {isa = PBXFileReference; fileEncoding = 4; lastKnownFileType = sourcecode.swift; path = NTWaterfallViewController.swift; sourceTree = "<group>"; };
		DE72B6A41A28CF500053AD72 /* NTNavigationController.swift */ = {isa = PBXFileReference; fileEncoding = 4; lastKnownFileType = sourcecode.swift; path = NTNavigationController.swift; sourceTree = "<group>"; };
		DE72B6A51A28CF500053AD72 /* NTHorizontalPageViewController.swift */ = {isa = PBXFileReference; fileEncoding = 4; lastKnownFileType = sourcecode.swift; path = NTHorizontalPageViewController.swift; sourceTree = "<group>"; };
/* End PBXFileReference section */

/* Begin PBXFrameworksBuildPhase section */
		DE72B6641A28CD730053AD72 /* Frameworks */ = {
			isa = PBXFrameworksBuildPhase;
			buildActionMask = 2147483647;
			files = (
			);
			runOnlyForDeploymentPostprocessing = 0;
		};
		DE72B67B1A28CD730053AD72 /* Frameworks */ = {
			isa = PBXFrameworksBuildPhase;
			buildActionMask = 2147483647;
			files = (
			);
			runOnlyForDeploymentPostprocessing = 0;
		};
/* End PBXFrameworksBuildPhase section */

/* Begin PBXGroup section */
		DE72B65E1A28CD730053AD72 = {
			isa = PBXGroup;
			children = (
				DE72B6691A28CD730053AD72 /* flowers */,
				DE72B6811A28CD740053AD72 /* flowersTests */,
				DE72B6681A28CD730053AD72 /* Products */,
			);
			sourceTree = "<group>";
		};
		DE72B6681A28CD730053AD72 /* Products */ = {
			isa = PBXGroup;
			children = (
				DE72B6671A28CD730053AD72 /* flowers.app */,
				DE72B67E1A28CD730053AD72 /* flowersTests.xctest */,
			);
			name = Products;
			sourceTree = "<group>";
		};
		DE72B6691A28CD730053AD72 /* flowers */ = {
			isa = PBXGroup;
			children = (
				DE72B6A21A28CF430053AD72 /* View Controllers */,
				DE72B69D1A28CF2A0053AD72 /* Views */,
				DE72B69C1A28CF000053AD72 /* Utils */,
				DE72B6901A28CE750053AD72 /* Transition */,
				DE72B68F1A28CE630053AD72 /* Extension */,
				DE72B68E1A28CE5A0053AD72 /* Layout */,
				DE72B66C1A28CD730053AD72 /* AppDelegate.swift */,
				DE72B6721A28CD730053AD72 /* Main.storyboard */,
				DE72B6751A28CD730053AD72 /* Images.xcassets */,
				DE72B6771A28CD730053AD72 /* LaunchScreen.xib */,
				DE72B66A1A28CD730053AD72 /* Supporting Files */,
			);
			path = flowers;
			sourceTree = "<group>";
		};
		DE72B66A1A28CD730053AD72 /* Supporting Files */ = {
			isa = PBXGroup;
			children = (
				DE72B66B1A28CD730053AD72 /* Info.plist */,
			);
			name = "Supporting Files";
			sourceTree = "<group>";
		};
		DE72B6811A28CD740053AD72 /* flowersTests */ = {
			isa = PBXGroup;
			children = (
				DE72B6841A28CD740053AD72 /* flowersTests.swift */,
				DE72B6821A28CD740053AD72 /* Supporting Files */,
			);
			path = flowersTests;
			sourceTree = "<group>";
		};
		DE72B6821A28CD740053AD72 /* Supporting Files */ = {
			isa = PBXGroup;
			children = (
				DE72B6831A28CD740053AD72 /* Info.plist */,
			);
			name = "Supporting Files";
			sourceTree = "<group>";
		};
		DE72B68E1A28CE5A0053AD72 /* Layout */ = {
			isa = PBXGroup;
			children = (
				DE72B6981A28CEE80053AD72 /* CHTCollectionViewWaterfallLayout.swift */,
			);
			name = Layout;
			sourceTree = "<group>";
		};
		DE72B68F1A28CE630053AD72 /* Extension */ = {
			isa = PBXGroup;
			children = (
				DE72B6961A28CEDE0053AD72 /* Extension.swift */,
			);
			name = Extension;
			sourceTree = "<group>";
		};
		DE72B6901A28CE750053AD72 /* Transition */ = {
			isa = PBXGroup;
			children = (
				DE72B6941A28CEB60053AD72 /* NTTransition.swift */,
				DE72B6911A28CE9A0053AD72 /* Protocol */,
			);
			name = Transition;
			sourceTree = "<group>";
		};
		DE72B6911A28CE9A0053AD72 /* Protocol */ = {
			isa = PBXGroup;
			children = (
				DE72B6921A28CEAD0053AD72 /* NTTransitionProtocol.swift */,
			);
			name = Protocol;
			sourceTree = "<group>";
		};
		DE72B69C1A28CF000053AD72 /* Utils */ = {
			isa = PBXGroup;
			children = (
				DE72B69A1A28CEF80053AD72 /* Macro.swift */,
			);
			name = Utils;
			sourceTree = "<group>";
		};
		DE72B69D1A28CF2A0053AD72 /* Views */ = {
			isa = PBXGroup;
			children = (
				DE72B69E1A28CF350053AD72 /* NTHorizontalPageViewCell.swift */,
				DE72B69F1A28CF350053AD72 /* NTWaterfallViewCell.swift */,
			);
			name = Views;
			sourceTree = "<group>";
		};
		DE72B6A21A28CF430053AD72 /* View Controllers */ = {
			isa = PBXGroup;
			children = (
				DE72B66E1A28CD730053AD72 /* MasterViewController.swift */,
				DE72B6701A28CD730053AD72 /* DetailViewController.swift */,
				DE72B6A31A28CF500053AD72 /* NTWaterfallViewController.swift */,
				DE72B6A41A28CF500053AD72 /* NTNavigationController.swift */,
				DE72B6A51A28CF500053AD72 /* NTHorizontalPageViewController.swift */,
			);
			name = "View Controllers";
			sourceTree = "<group>";
		};
/* End PBXGroup section */

/* Begin PBXNativeTarget section */
		DE72B6661A28CD730053AD72 /* flowers */ = {
			isa = PBXNativeTarget;
			buildConfigurationList = DE72B6881A28CD740053AD72 /* Build configuration list for PBXNativeTarget "flowers" */;
			buildPhases = (
				DE72B6631A28CD730053AD72 /* Sources */,
				DE72B6641A28CD730053AD72 /* Frameworks */,
				DE72B6651A28CD730053AD72 /* Resources */,
			);
			buildRules = (
			);
			dependencies = (
			);
			name = flowers;
			productName = flowers;
			productReference = DE72B6671A28CD730053AD72 /* flowers.app */;
			productType = "com.apple.product-type.application";
		};
		DE72B67D1A28CD730053AD72 /* flowersTests */ = {
			isa = PBXNativeTarget;
			buildConfigurationList = DE72B68B1A28CD740053AD72 /* Build configuration list for PBXNativeTarget "flowersTests" */;
			buildPhases = (
				DE72B67A1A28CD730053AD72 /* Sources */,
				DE72B67B1A28CD730053AD72 /* Frameworks */,
				DE72B67C1A28CD730053AD72 /* Resources */,
			);
			buildRules = (
			);
			dependencies = (
				DE72B6801A28CD730053AD72 /* PBXTargetDependency */,
			);
			name = flowersTests;
			productName = flowersTests;
			productReference = DE72B67E1A28CD730053AD72 /* flowersTests.xctest */;
			productType = "com.apple.product-type.bundle.unit-test";
		};
/* End PBXNativeTarget section */

/* Begin PBXProject section */
		DE72B65F1A28CD730053AD72 /* Project object */ = {
			isa = PBXProject;
			attributes = {
				LastUpgradeCheck = 0610;
				ORGANIZATIONNAME = "Sanjay Mallik";
				TargetAttributes = {
					DE72B6661A28CD730053AD72 = {
						CreatedOnToolsVersion = 6.1.1;
					};
					DE72B67D1A28CD730053AD72 = {
						CreatedOnToolsVersion = 6.1.1;
						TestTargetID = DE72B6661A28CD730053AD72;
					};
				};
			};
			buildConfigurationList = DE72B6621A28CD730053AD72 /* Build configuration list for PBXProject "flowers" */;
			compatibilityVersion = "Xcode 3.2";
			developmentRegion = English;
			hasScannedForEncodings = 0;
			knownRegions = (
				en,
				Base,
			);
			mainGroup = DE72B65E1A28CD730053AD72;
			productRefGroup = DE72B6681A28CD730053AD72 /* Products */;
			projectDirPath = "";
			projectRoot = "";
			targets = (
				DE72B6661A28CD730053AD72 /* flowers */,
				DE72B67D1A28CD730053AD72 /* flowersTests */,
			);
		};
/* End PBXProject section */

/* Begin PBXResourcesBuildPhase section */
		DE72B6651A28CD730053AD72 /* Resources */ = {
			isa = PBXResourcesBuildPhase;
			buildActionMask = 2147483647;
			files = (
				DE72B6741A28CD730053AD72 /* Main.storyboard in Resources */,
				DE72B6791A28CD730053AD72 /* LaunchScreen.xib in Resources */,
				DE72B6761A28CD730053AD72 /* Images.xcassets in Resources */,
			);
			runOnlyForDeploymentPostprocessing = 0;
		};
		DE72B67C1A28CD730053AD72 /* Resources */ = {
			isa = PBXResourcesBuildPhase;
			buildActionMask = 2147483647;
			files = (
			);
			runOnlyForDeploymentPostprocessing = 0;
		};
/* End PBXResourcesBuildPhase section */

/* Begin PBXSourcesBuildPhase section */
		DE72B6631A28CD730053AD72 /* Sources */ = {
			isa = PBXSourcesBuildPhase;
			buildActionMask = 2147483647;
			files = (
				DE72B6A81A28CF500053AD72 /* NTHorizontalPageViewController.swift in Sources */,
				DE72B6A01A28CF350053AD72 /* NTHorizontalPageViewCell.swift in Sources */,
				DE72B6A11A28CF350053AD72 /* NTWaterfallViewCell.swift in Sources */,
				DE72B6A61A28CF500053AD72 /* NTWaterfallViewController.swift in Sources */,
				DE72B69B1A28CEF80053AD72 /* Macro.swift in Sources */,
				DE72B6931A28CEAD0053AD72 /* NTTransitionProtocol.swift in Sources */,
				DE72B6A71A28CF500053AD72 /* NTNavigationController.swift in Sources */,
				DE72B6711A28CD730053AD72 /* DetailViewController.swift in Sources */,
				DE72B66F1A28CD730053AD72 /* MasterViewController.swift in Sources */,
				DE72B6971A28CEDE0053AD72 /* Extension.swift in Sources */,
				DE72B6951A28CEB60053AD72 /* NTTransition.swift in Sources */,
				DE72B66D1A28CD730053AD72 /* AppDelegate.swift in Sources */,
				DE72B6991A28CEE80053AD72 /* CHTCollectionViewWaterfallLayout.swift in Sources */,
			);
			runOnlyForDeploymentPostprocessing = 0;
		};
		DE72B67A1A28CD730053AD72 /* Sources */ = {
			isa = PBXSourcesBuildPhase;
			buildActionMask = 2147483647;
			files = (
				DE72B6851A28CD740053AD72 /* flowersTests.swift in Sources */,
			);
			runOnlyForDeploymentPostprocessing = 0;
		};
/* End PBXSourcesBuildPhase section */

/* Begin PBXTargetDependency section */
		DE72B6801A28CD730053AD72 /* PBXTargetDependency */ = {
			isa = PBXTargetDependency;
			target = DE72B6661A28CD730053AD72 /* flowers */;
			targetProxy = DE72B67F1A28CD730053AD72 /* PBXContainerItemProxy */;
		};
/* End PBXTargetDependency section */

/* Begin PBXVariantGroup section */
		DE72B6721A28CD730053AD72 /* Main.storyboard */ = {
			isa = PBXVariantGroup;
			children = (
				DE72B6731A28CD730053AD72 /* Base */,
			);
			name = Main.storyboard;
			sourceTree = "<group>";
		};
		DE72B6771A28CD730053AD72 /* LaunchScreen.xib */ = {
			isa = PBXVariantGroup;
			children = (
				DE72B6781A28CD730053AD72 /* Base */,
			);
			name = LaunchScreen.xib;
			sourceTree = "<group>";
		};
/* End PBXVariantGroup section */

/* Begin XCBuildConfiguration section */
		DE72B6861A28CD740053AD72 /* Debug */ = {
			isa = XCBuildConfiguration;
			buildSettings = {
				ALWAYS_SEARCH_USER_PATHS = NO;
				CLANG_CXX_LANGUAGE_STANDARD = "gnu++0x";
				CLANG_CXX_LIBRARY = "libc++";
				CLANG_ENABLE_MODULES = YES;
				CLANG_ENABLE_OBJC_ARC = YES;
				CLANG_WARN_BOOL_CONVERSION = YES;
				CLANG_WARN_CONSTANT_CONVERSION = YES;
				CLANG_WARN_DIRECT_OBJC_ISA_USAGE = YES_ERROR;
				CLANG_WARN_EMPTY_BODY = YES;
				CLANG_WARN_ENUM_CONVERSION = YES;
				CLANG_WARN_INT_CONVERSION = YES;
				CLANG_WARN_OBJC_ROOT_CLASS = YES_ERROR;
				CLANG_WARN_UNREACHABLE_CODE = YES;
				CLANG_WARN__DUPLICATE_METHOD_MATCH = YES;
				"CODE_SIGN_IDENTITY[sdk=iphoneos*]" = "iPhone Developer";
				COPY_PHASE_STRIP = NO;
				ENABLE_STRICT_OBJC_MSGSEND = YES;
				GCC_C_LANGUAGE_STANDARD = gnu99;
				GCC_DYNAMIC_NO_PIC = NO;
				GCC_OPTIMIZATION_LEVEL = 0;
				GCC_PREPROCESSOR_DEFINITIONS = (
					"DEBUG=1",
					"$(inherited)",
				);
				GCC_SYMBOLS_PRIVATE_EXTERN = NO;
				GCC_WARN_64_TO_32_BIT_CONVERSION = YES;
				GCC_WARN_ABOUT_RETURN_TYPE = YES_ERROR;
				GCC_WARN_UNDECLARED_SELECTOR = YES;
				GCC_WARN_UNINITIALIZED_AUTOS = YES_AGGRESSIVE;
				GCC_WARN_UNUSED_FUNCTION = YES;
				GCC_WARN_UNUSED_VARIABLE = YES;
				IPHONEOS_DEPLOYMENT_TARGET = 8.1;
				MTL_ENABLE_DEBUG_INFO = YES;
				ONLY_ACTIVE_ARCH = YES;
				SDKROOT = iphoneos;
				SWIFT_OPTIMIZATION_LEVEL = "-Onone";
			};
			name = Debug;
		};
		DE72B6871A28CD740053AD72 /* Release */ = {
			isa = XCBuildConfiguration;
			buildSettings = {
				ALWAYS_SEARCH_USER_PATHS = NO;
				CLANG_CXX_LANGUAGE_STANDARD = "gnu++0x";
				CLANG_CXX_LIBRARY = "libc++";
				CLANG_ENABLE_MODULES = YES;
				CLANG_ENABLE_OBJC_ARC = YES;
				CLANG_WARN_BOOL_CONVERSION = YES;
				CLANG_WARN_CONSTANT_CONVERSION = YES;
				CLANG_WARN_DIRECT_OBJC_ISA_USAGE = YES_ERROR;
				CLANG_WARN_EMPTY_BODY = YES;
				CLANG_WARN_ENUM_CONVERSION = YES;
				CLANG_WARN_INT_CONVERSION = YES;
				CLANG_WARN_OBJC_ROOT_CLASS = YES_ERROR;
				CLANG_WARN_UNREACHABLE_CODE = YES;
				CLANG_WARN__DUPLICATE_METHOD_MATCH = YES;
				"CODE_SIGN_IDENTITY[sdk=iphoneos*]" = "iPhone Developer";
				COPY_PHASE_STRIP = YES;
				ENABLE_NS_ASSERTIONS = NO;
				ENABLE_STRICT_OBJC_MSGSEND = YES;
				GCC_C_LANGUAGE_STANDARD = gnu99;
				GCC_WARN_64_TO_32_BIT_CONVERSION = YES;
				GCC_WARN_ABOUT_RETURN_TYPE = YES_ERROR;
				GCC_WARN_UNDECLARED_SELECTOR = YES;
				GCC_WARN_UNINITIALIZED_AUTOS = YES_AGGRESSIVE;
				GCC_WARN_UNUSED_FUNCTION = YES;
				GCC_WARN_UNUSED_VARIABLE = YES;
				IPHONEOS_DEPLOYMENT_TARGET = 8.1;
				MTL_ENABLE_DEBUG_INFO = NO;
				SDKROOT = iphoneos;
				VALIDATE_PRODUCT = YES;
			};
			name = Release;
		};
		DE72B6891A28CD740053AD72 /* Debug */ = {
			isa = XCBuildConfiguration;
			buildSettings = {
				ASSETCATALOG_COMPILER_APPICON_NAME = AppIcon;
				INFOPLIST_FILE = flowers/Info.plist;
				LD_RUNPATH_SEARCH_PATHS = "$(inherited) @executable_path/Frameworks";
				PRODUCT_NAME = "$(TARGET_NAME)";
			};
			name = Debug;
		};
		DE72B68A1A28CD740053AD72 /* Release */ = {
			isa = XCBuildConfiguration;
			buildSettings = {
				ASSETCATALOG_COMPILER_APPICON_NAME = AppIcon;
				INFOPLIST_FILE = flowers/Info.plist;
				LD_RUNPATH_SEARCH_PATHS = "$(inherited) @executable_path/Frameworks";
				PRODUCT_NAME = "$(TARGET_NAME)";
			};
			name = Release;
		};
		DE72B68C1A28CD740053AD72 /* Debug */ = {
			isa = XCBuildConfiguration;
			buildSettings = {
				BUNDLE_LOADER = "$(TEST_HOST)";
				FRAMEWORK_SEARCH_PATHS = (
					"$(SDKROOT)/Developer/Library/Frameworks",
					"$(inherited)",
				);
				GCC_PREPROCESSOR_DEFINITIONS = (
					"DEBUG=1",
					"$(inherited)",
				);
				INFOPLIST_FILE = flowersTests/Info.plist;
				LD_RUNPATH_SEARCH_PATHS = "$(inherited) @executable_path/Frameworks @loader_path/Frameworks";
				PRODUCT_NAME = "$(TARGET_NAME)";
				TEST_HOST = "$(BUILT_PRODUCTS_DIR)/flowers.app/flowers";
			};
			name = Debug;
		};
		DE72B68D1A28CD740053AD72 /* Release */ = {
			isa = XCBuildConfiguration;
			buildSettings = {
				BUNDLE_LOADER = "$(TEST_HOST)";
				FRAMEWORK_SEARCH_PATHS = (
					"$(SDKROOT)/Developer/Library/Frameworks",
					"$(inherited)",
				);
				INFOPLIST_FILE = flowersTests/Info.plist;
				LD_RUNPATH_SEARCH_PATHS = "$(inherited) @executable_path/Frameworks @loader_path/Frameworks";
				PRODUCT_NAME = "$(TARGET_NAME)";
				TEST_HOST = "$(BUILT_PRODUCTS_DIR)/flowers.app/flowers";
			};
			name = Release;
		};
/* End XCBuildConfiguration section */

/* Begin XCConfigurationList section */
		DE72B6621A28CD730053AD72 /* Build configuration list for PBXProject "flowers" */ = {
			isa = XCConfigurationList;
			buildConfigurations = (
				DE72B6861A28CD740053AD72 /* Debug */,
				DE72B6871A28CD740053AD72 /* Release */,
			);
			defaultConfigurationIsVisible = 0;
			defaultConfigurationName = Release;
		};
		DE72B6881A28CD740053AD72 /* Build configuration list for PBXNativeTarget "flowers" */ = {
			isa = XCConfigurationList;
			buildConfigurations = (
				DE72B6891A28CD740053AD72 /* Debug */,
				DE72B68A1A28CD740053AD72 /* Release */,
			);
			defaultConfigurationIsVisible = 0;
		};
		DE72B68B1A28CD740053AD72 /* Build configuration list for PBXNativeTarget "flowersTests" */ = {
			isa = XCConfigurationList;
			buildConfigurations = (
				DE72B68C1A28CD740053AD72 /* Debug */,
				DE72B68D1A28CD740053AD72 /* Release */,
			);
			defaultConfigurationIsVisible = 0;
		};
/* End XCConfigurationList section */
	};
	rootObject = DE72B65F1A28CD730053AD72 /* Project object */;
}
